
Microsoft Visual Studio Solution File, Format Version 12.00
# Visual Studio Version 16
VisualStudioVersion = 16.0.30503.244
MinimumVisualStudioVersion = 10.0.40219.1
Project("{FAE04EC0-301F-11D3-BF4B-00C04F79EFBC}") = "MVCDockerDemo", "MVCDockerDemo.csproj", "{61ECAB9C-0D93-4260-ABAC-8732A3DF6710}"
EndProject
Global
	GlobalSection(SolutionConfigurationPlatforms) = preSolution
		Debug|Any CPU = Debug|Any CPU
		Release|Any CPU = Release|Any CPU
	EndGlobalSection
	GlobalSection(ProjectConfigurationPlatforms) = postSolution
		{61ECAB9C-0D93-4260-ABAC-8732A3DF6710}.Debug|Any CPU.ActiveCfg = Debug|Any CPU
		{61ECAB9C-0D93-4260-ABAC-8732A3DF6710}.Debug|Any CPU.Build.0 = Debug|Any CPU
		{61ECAB9C-0D93-4260-ABAC-8732A3DF6710}.Release|Any CPU.ActiveCfg = Release|Any CPU
		{61ECAB9C-0D93-4260-ABAC-8732A3DF6710}.Release|Any CPU.Build.0 = Release|Any CPU
	EndGlobalSection
	GlobalSection(SolutionProperties) = preSolution
		HideSolutionNode = FALSE
	EndGlobalSection
	GlobalSection(ExtensibilityGlobals) = postSolution
		SolutionGuid = {804B365A-CB00-4AA5-B34A-9B99843C5BDB}
	EndGlobalSection
EndGlobal
